
Microsoft Visual Studio Solution File, Format Version 12.00
# Visual Studio Version 17
VisualStudioVersion = 17.10.35027.167
MinimumVisualStudioVersion = 10.0.40219.1
Project("{FAE04EC0-301F-11D3-BF4B-00C04F79EFBC}") = "Barrier", "Barrier.csproj", "{149777F8-713A-4398-90A1-0DCFDD443B20}"
EndProject
Global
	GlobalSection(SolutionConfigurationPlatforms) = preSolution
		Debug|Any CPU = Debug|Any CPU
		Release|Any CPU = Release|Any CPU
	EndGlobalSection
	GlobalSection(ProjectConfigurationPlatforms) = postSolution
		{149777F8-713A-4398-90A1-0DCFDD443B20}.Debug|Any CPU.ActiveCfg = Debug|Any CPU
		{149777F8-713A-4398-90A1-0DCFDD443B20}.Debug|Any CPU.Build.0 = Debug|Any CPU
		{149777F8-713A-4398-90A1-0DCFDD443B20}.Release|Any CPU.ActiveCfg = Release|Any CPU
		{149777F8-713A-4398-90A1-0DCFDD443B20}.Release|Any CPU.Build.0 = Release|Any CPU
	EndGlobalSection
	GlobalSection(SolutionProperties) = preSolution
		HideSolutionNode = FALSE
	EndGlobalSection
	GlobalSection(ExtensibilityGlobals) = postSolution
		SolutionGuid = {41FDB9FA-57BA-48A8-AE76-86A8AC4C5447}
	EndGlobalSection
EndGlobal
